
Microsoft Visual Studio Solution File, Format Version 12.00
# Visual Studio Version 17
VisualStudioVersion = 17.2.32616.157
MinimumVisualStudioVersion = 10.0.40219.1
Project("{FAE04EC0-301F-11D3-BF4B-00C04F79EFBC}") = "Gestor_TipoCaracteristicas", "Gestor_TipoCaracteristicas\Gestor_TipoCaracteristicas.csproj", "{7EDE4CDF-A815-4DCD-8D1A-3D6FF227B318}"
EndProject
Global
	GlobalSection(SolutionConfigurationPlatforms) = preSolution
		Debug|Any CPU = Debug|Any CPU
		Release|Any CPU = Release|Any CPU
	EndGlobalSection
	GlobalSection(ProjectConfigurationPlatforms) = postSolution
		{7EDE4CDF-A815-4DCD-8D1A-3D6FF227B318}.Debug|Any CPU.ActiveCfg = Debug|Any CPU
		{7EDE4CDF-A815-4DCD-8D1A-3D6FF227B318}.Debug|Any CPU.Build.0 = Debug|Any CPU
		{7EDE4CDF-A815-4DCD-8D1A-3D6FF227B318}.Release|Any CPU.ActiveCfg = Release|Any CPU
		{7EDE4CDF-A815-4DCD-8D1A-3D6FF227B318}.Release|Any CPU.Build.0 = Release|Any CPU
	EndGlobalSection
	GlobalSection(SolutionProperties) = preSolution
		HideSolutionNode = FALSE
	EndGlobalSection
	GlobalSection(ExtensibilityGlobals) = postSolution
		SolutionGuid = {E058A090-7EC4-4C68-B7DF-EB3C7DC62D58}
	EndGlobalSection
EndGlobal
